
Microsoft Visual Studio Solution File, Format Version 12.00
# Visual Studio 15
VisualStudioVersion = 15.0.27703.2042
MinimumVisualStudioVersion = 10.0.40219.1
Project("{FAE04EC0-301F-11D3-BF4B-00C04F79EFBC}") = "CG 4-3 (raffle)", "CG 4-3 (raffle)\CG 4-3 (raffle).csproj", "{61FD9E60-B334-4636-AD22-EA93B3CDA29C}"
EndProject
Global
	GlobalSection(SolutionConfigurationPlatforms) = preSolution
		Debug|Any CPU = Debug|Any CPU
		Release|Any CPU = Release|Any CPU
	EndGlobalSection
	GlobalSection(ProjectConfigurationPlatforms) = postSolution
		{61FD9E60-B334-4636-AD22-EA93B3CDA29C}.Debug|Any CPU.ActiveCfg = Debug|Any CPU
		{61FD9E60-B334-4636-AD22-EA93B3CDA29C}.Debug|Any CPU.Build.0 = Debug|Any CPU
		{61FD9E60-B334-4636-AD22-EA93B3CDA29C}.Release|Any CPU.ActiveCfg = Release|Any CPU
		{61FD9E60-B334-4636-AD22-EA93B3CDA29C}.Release|Any CPU.Build.0 = Release|Any CPU
	EndGlobalSection
	GlobalSection(SolutionProperties) = preSolution
		HideSolutionNode = FALSE
	EndGlobalSection
	GlobalSection(ExtensibilityGlobals) = postSolution
		SolutionGuid = {B5AB9796-0C72-414F-9095-4E5A26879FE6}
	EndGlobalSection
EndGlobal
